version = 1
revision = 3
requires-python = ">=3.11"

[[package]]
name = "fraudlogix-checker"
version = "0.1.0"
source = { virtual = "." }
dependencies = [
    { name = "rnet" },
]

[package.metadata]
requires-dist = [{ name = "rnet", specifier = ">=3.0.0rc22" }]

[[package]]
name = "rnet"
version = "3.0.0rc22"
source = { registry = "https://pypi.org/simple" }
sdist = { url = "https://files.pythonhosted.org/packages/86/09/70861ac7046665f0708333d832f97f2e798ec036657b96407f6b0e93cb52/rnet-3.0.0rc22.tar.gz", hash = "sha256:e51dc416906e20ef126eaa93ef702b922374beeda5cbde4281b5e0264083c97a", size = 96023, upload-time = "2026-02-24T10:36:16.587Z" }
wheels = [
    { url = "https://files.pythonhosted.org/packages/5e/0d/8f3c2ba7e80ca5d16e9e8e7484f031b3159516371a06208c8f5191fd4f86/rnet-3.0.0rc22-cp311-abi3-macosx_10_12_x86_64.whl", hash = "sha256:58b46fb66328ce35fcceeb084c54fde247db899eac0f635cc36c44d110656331", size = 3980194, upload-time = "2026-02-24T10:35:50.695Z" },
    { url = "https://files.pythonhosted.org/packages/98/04/0305aef4c946a26f92b6f6526e7ef2b1519711c93a46f3b6efae6c635451/rnet-3.0.0rc22-cp311-abi3-macosx_11_0_arm64.whl", hash = "sha256:01d7c00271e5a248759bcb58356fafafb3deb8845edcd65421e3e21d89b5913e", size = 3745197, upload-time = "2026-02-24T10:35:44.604Z" },
    { url = "https://files.pythonhosted.org/packages/d5/be/df395370e88a241f1631a00b351be71d71268cb51f2c9ce4c5cb5c9c9f55/rnet-3.0.0rc22-cp311-abi3-manylinux_2_17_x86_64.manylinux2014_x86_64.whl", hash = "sha256:cbb75fb74e9c09b6092c218107579af11b0ebe922bdf3a42d04b465e55cf5cd6", size = 4098804, upload-time = "2026-02-24T10:35:39.215Z" },
    { url = "https://files.pythonhosted.org/packages/1c/b6/f0b2017bd697280030d786ee8eed583d7b54965675627280d4e557ac0378/rnet-3.0.0rc22-cp311-abi3-manylinux_2_34_aarch64.whl", hash = "sha256:e3bdb0a1c4ecbeb39b72a79bfd208ebcd4da6af21228046640686e38a42241da", size = 4153517, upload-time = "2026-02-24T10:35:20.85Z" },
    { url = "https://files.pythonhosted.org/packages/ef/11/a18d7152736ea487f6ffd051e99a43d3ad059fe5ea76c4f7673888096c44/rnet-3.0.0rc22-cp311-abi3-manylinux_2_34_armv7l.whl", hash = "sha256:85b770df0b7948fa31de7ad4660f4ae55a4b555c9d9115dd81deac445be6d440", size = 3841334, upload-time = "2026-02-24T10:35:27.004Z" },
    { url = "https://files.pythonhosted.org/packages/50/fd/8e654159d1a3aad14ec29f7a8225810fcf8830187e8eafc2a0b1ccb58d60/rnet-3.0.0rc22-cp311-abi3-manylinux_2_34_i686.whl", hash = "sha256:53b9a5170cbc126f2561dc88dedf98ef713ac4471d58ff54f82dc6a26d16eb06", size = 4251822, upload-time = "2026-02-24T10:35:33.026Z" },
    { url = "https://files.pythonhosted.org/packages/73/ee/420f168427ac84071928711406cc2be2d2d9999ec42fec1b8657861357c3/rnet-3.0.0rc22-cp311-abi3-musllinux_1_2_aarch64.whl", hash = "sha256:77014c41e71a8aab89845768c953b1df30f2f73a64ec73f71b1bde940d2347f1", size = 3952525, upload-time = "2026-02-24T10:35:56.211Z" },
    { url = "https://files.pythonhosted.org/packages/8d/74/741aace5c17a3d7a3fa7652c14f90d440ede3f5023fc9e4927f0592d9f5a/rnet-3.0.0rc22-cp311-abi3-musllinux_1_2_armv7l.whl", hash = "sha256:6a81cda0b96ab2ac888b5d6671bd72c58289fd014b783ac39f32a703313c461e", size = 3877341, upload-time = "2026-02-24T10:36:02.463Z" },
    { url = "https://files.pythonhosted.org/packages/d4/c4/c017cac8208d6b57c4efc9d7190f56955a053bb749ba7161615a4e7e32dc/rnet-3.0.0rc22-cp311-abi3-musllinux_1_2_i686.whl", hash = "sha256:55ad79b2a243c28c540df1910166c739e2d5aaf32e1a9b6606181fce6fa971f6", size = 3999001, upload-time = "2026-02-24T10:36:08.15Z" },
    { url = "https://files.pythonhosted.org/packages/14/1f/66a1bbbfa48e483f8bbd94410366088f8732bb0f6b848faf1fd040cae943/rnet-3.0.0rc22-cp311-abi3-musllinux_1_2_x86_64.whl", hash = "sha256:6aed9aa321ad2117cae58733f08651579222aa661bc9e0c3c0bac24caf3871de", size = 4155202, upload-time = "2026-02-24T10:36:14.839Z" },
    { url = "https://files.pythonhosted.org/packages/8d/a7/d890a2b658cb37311e2efd3786936f02df708d513cb1517c2fd1391fd2b4/rnet-3.0.0rc22-cp311-abi3-win32.whl", hash = "sha256:9a3006528d417a62beb846fab64c10aa0a90a4bc19bcc0dc7af5ac054584b44a", size = 3545273, upload-time = "2026-02-24T10:36:36.914Z" },
    { url = "https://files.pythonhosted.org/packages/2a/c8/d739831c314d856e405f9f58663434e286f54a4c96bd330aba815d695683/rnet-3.0.0rc22-cp311-abi3-win_amd64.whl", hash = "sha256:ab8c31304f182184556da301d9a2f5ab9132707bbeccae5d79d6c0ff022f9cba", size = 3854132, upload-time = "2026-02-24T10:36:31.211Z" },
    { url = "https://files.pythonhosted.org/packages/f6/5c/9b22c5ddc667ea44a54b382ddfaaa9d74852324e4acf4df082c767347167/rnet-3.0.0rc22-cp311-abi3-win_arm64.whl", hash = "sha256:b4bd29262061238c3abad3bfa9526a20daafc61f103c1c6bd08f0c98c383c1f5", size = 3533845, upload-time = "2026-02-24T10:36:23.602Z" },
    { url = "https://files.pythonhosted.org/packages/19/7e/790bfc4f15b062f35804640f0da9d439ed64f0eb7cffa9f23a73b3fc94d1/rnet-3.0.0rc22-cp313-cp313t-macosx_10_12_x86_64.whl", hash = "sha256:e71603df8bae8538fa9abf599e227beaa2cc9fff7cf7970fad5f955d2ff7b964", size = 3969454, upload-time = "2026-02-24T10:35:46.453Z" },
    { url = "https://files.pythonhosted.org/packages/2e/a6/80bf8690211ec44fbccd4eccf2a672e25c5775d897cff6ca4e4a7b6e2244/rnet-3.0.0rc22-cp313-cp313t-macosx_11_0_arm64.whl", hash = "sha256:daa5fcc40db1a1fb8ee278c2ef57bc6eefed55b630e270a577fd9368ccc6450a", size = 3734194, upload-time = "2026-02-24T10:35:41.065Z" },
    { url = "https://files.pythonhosted.org/packages/6a/2c/8b35483397f2bfa1ff5ab686c284742dc1d7fcc4c6368b296149f1b2a2dc/rnet-3.0.0rc22-cp313-cp313t-manylinux_2_17_x86_64.manylinux2014_x86_64.whl", hash = "sha256:1253d9e1d4af472e0de2fbaeb36468f66517d161b3a4b5425a4696d2fe0df4c9", size = 4101159, upload-time = "2026-02-24T10:35:35.209Z" },
    { url = "https://files.pythonhosted.org/packages/70/4e/8c4295a330c87abfa136b7582e35f17020959bef9dbee9758b8aa8651ea3/rnet-3.0.0rc22-cp313-cp313t-manylinux_2_34_aarch64.whl", hash = "sha256:8c13b7e9db81d99f11079c817eaec649046e3a4c8bb6b16dc4434dc2b54301c6", size = 4155451, upload-time = "2026-02-24T10:35:16.213Z" },
    { url = "https://files.pythonhosted.org/packages/e1/0b/8cef18d0a96c6b5de39d9629ec7fd20e71283e8a2973cda6009300eee3e4/rnet-3.0.0rc22-cp313-cp313t-manylinux_2_34_armv7l.whl", hash = "sha256:e7f18d78fbc48af243193305c34df278cf9308849f57a8579e0d7c880f7f1ce8", size = 3844728, upload-time = "2026-02-24T10:35:22.958Z" },
    { url = "https://files.pythonhosted.org/packages/a6/a4/35966084ac52a6f6c4cd1205d5ce50eed4eb7a03326faa4492df8e3ce8d7/rnet-3.0.0rc22-cp313-cp313t-manylinux_2_34_i686.whl", hash = "sha256:6c0c693ec185a328965acf45acc23ddbb3e4689be4c0f24f240c439a4b27a1e3", size = 4252685, upload-time = "2026-02-24T10:35:28.907Z" },
    { url = "https://files.pythonhosted.org/packages/98/46/31c996b855725bf14c3d280016b842a44b9823c3b74b1632628d7ff983f0/rnet-3.0.0rc22-cp313-cp313t-musllinux_1_2_aarch64.whl", hash = "sha256:f19452b158556327ca49d01b2f4426ee9dad5f5212efdce676ed16bfa4bd1b71", size = 3951125, upload-time = "2026-02-24T10:35:52.599Z" },
    { url = "https://files.pythonhosted.org/packages/48/05/0d4472def94a0fe7c1dfd7f3f950ab89e3d8bab33d835bbb3e4cbf556d1e/rnet-3.0.0rc22-cp313-cp313t-musllinux_1_2_armv7l.whl", hash = "sha256:fe7577b9c660fc2fee06974c682be61bf6725f33b7ee97995a8793a530a63302", size = 3877352, upload-time = "2026-02-24T10:35:58.341Z" },
    { url = "https://files.pythonhosted.org/packages/c4/b0/81d9daf738b6503433271a5eca928bf1f1b01b96e4576b8cfa67d636eedc/rnet-3.0.0rc22-cp313-cp313t-musllinux_1_2_i686.whl", hash = "sha256:4d704b44854ad354863827f5ed3c257a9e274fc0d3750d59c5c9145bb5f6ba02", size = 3995453, upload-time = "2026-02-24T10:36:04.388Z" },
    { url = "https://files.pythonhosted.org/packages/3b/93/2a3ec883831095bdd9851231c4f33d2c3d8dbed3b26692f7d276cc74375a/rnet-3.0.0rc22-cp313-cp313t-musllinux_1_2_x86_64.whl", hash = "sha256:ab257cb90753d903b9f90e1d81da7961de5004c57e78c96e87a8c4bfcde6cf51", size = 4155661, upload-time = "2026-02-24T10:36:09.981Z" },
    { url = "https://files.pythonhosted.org/packages/27/af/ae92926eba1e901d0b1b3696e9c9ca5fc1035c98750ffdee5144a17ad9ac/rnet-3.0.0rc22-cp313-cp313t-win32.whl", hash = "sha256:00e515ad173e359f0e714ee3c659c88e6cfdb822a273fa902a467f4f5557e987", size = 3538677, upload-time = "2026-02-24T10:36:33.013Z" },
    { url = "https://files.pythonhosted.org/packages/2b/ac/9153b735cfeebbec8dd2b230851a170a432a9a5e1aa40a6e8546ceeac1b3/rnet-3.0.0rc22-cp313-cp313t-win_amd64.whl", hash = "sha256:7d7fbb0b94dbb4bb72bbdcac7f40132e4087ddea1f4aa50c1350cc326eaf9fc5", size = 3856692, upload-time = "2026-02-24T10:36:27.659Z" },
    { url = "https://files.pythonhosted.org/packages/85/93/3118374bb16b65031408a1c83d391c310f0be8f83f28abfb63469bb1fc31/rnet-3.0.0rc22-cp313-cp313t-win_arm64.whl", hash = "sha256:4aed43074f4a2ed36e4269d4bd1e054b1ce17100e34ae578edc4e004bafa9cf8", size = 3533932, upload-time = "2026-02-24T10:36:18.3Z" },
    { url = "https://files.pythonhosted.org/packages/f9/61/3dcee5cfd83aa0f0dee6d1b9508722af634f37befc90aa6c9d283d97a59d/rnet-3.0.0rc22-cp314-abi3-android_21_arm64_v8a.whl", hash = "sha256:6a8269b920998d533ce2a3175b51d6a7320591e2026972c8c93d198b259fb343", size = 3886490, upload-time = "2026-02-24T10:35:11.641Z" },
    { url = "https://files.pythonhosted.org/packages/55/65/c4c220de6ee0c5c34883552d85f9c510c242b23145f58929764bc618c1ab/rnet-3.0.0rc22-cp314-abi3-android_21_x86_64.whl", hash = "sha256:753fe3a516a5c9451276dd0ebc3bafdf6b2e3e4162234105f258cdaa226ea9b4", size = 3991289, upload-time = "2026-02-24T10:35:14.034Z" },
    { url = "https://files.pythonhosted.org/packages/fd/97/942210cdff2662b795284badafdd10dcce465065f06284eb25c49797d214/rnet-3.0.0rc22-cp314-cp314t-macosx_10_12_x86_64.whl", hash = "sha256:3d88fef4cbffa26174ffc6e71d34488a43a14eb020e075ea0c7f18fe62854008", size = 3970240, upload-time = "2026-02-24T10:35:48.995Z" },
    { url = "https://files.pythonhosted.org/packages/7d/4a/ab9c9c56fcbf1f4952c447cf37ed444b47ae8eddee9ec4fe729d84e8fd1c/rnet-3.0.0rc22-cp314-cp314t-macosx_11_0_arm64.whl", hash = "sha256:eb9de05512adce6183f4f6afafed417d9e50c9f0d8c3577a39ce535d0aff876c", size = 3735216, upload-time = "2026-02-24T10:35:42.83Z" },
    { url = "https://files.pythonhosted.org/packages/5f/6b/b44eb209d4cf393182e54811ed69463fcfe7236e4033883a99d9e36c5901/rnet-3.0.0rc22-cp314-cp314t-manylinux_2_17_x86_64.manylinux2014_x86_64.whl", hash = "sha256:956dffbc8eace553e40de6daa03ceda62970f6f08ca4e8a55260311c460ce9b5", size = 4100944, upload-time = "2026-02-24T10:35:36.974Z" },
    { url = "https://files.pythonhosted.org/packages/ff/4b/0a4da990f22cb5aab3c4e0013783cdd5502d0f2e94e15e94cb79fbcfc54a/rnet-3.0.0rc22-cp314-cp314t-manylinux_2_34_aarch64.whl", hash = "sha256:b5d72845c00ad9d767e5f8f6e38211b4a1316ff0feff2a90b01cb4692f822b1f", size = 4156085, upload-time = "2026-02-24T10:35:18.502Z" },
    { url = "https://files.pythonhosted.org/packages/2e/b8/8e9e71356d242733af1ee8eca6dc8d29b6c52fa8478813db874f9183aaf9/rnet-3.0.0rc22-cp314-cp314t-manylinux_2_34_armv7l.whl", hash = "sha256:6b42f46c1b6e1108d7516e67ac21f81759f6e25a0b8f536ff9b1e94d3d1bd682", size = 3846168, upload-time = "2026-02-24T10:35:24.774Z" },
    { url = "https://files.pythonhosted.org/packages/b5/8e/fd0cdf02969e90331ae275ccf0bad9afe19c04d6a2aee8cbdfa9f6388d2c/rnet-3.0.0rc22-cp314-cp314t-manylinux_2_34_i686.whl", hash = "sha256:41c2692e3db8a7e479d5912045a3519e888a1bc03915ebf3ec0d6a377f0c4f7f", size = 4252519, upload-time = "2026-02-24T10:35:30.741Z" },
    { url = "https://files.pythonhosted.org/packages/87/50/7f45e622826ef9862479a4553246e96e1685d3bae681b442f1eac7b92314/rnet-3.0.0rc22-cp314-cp314t-musllinux_1_2_aarch64.whl", hash = "sha256:3cce978d3fce16b540b45d075ecd0fc91625e35a72acf0da6d438dc37c87b735", size = 3950674, upload-time = "2026-02-24T10:35:54.429Z" },
    { url = "https://files.pythonhosted.org/packages/3e/c9/832cc71b3a358837eb610ba9c804a352897d95a76fa9c126fc144cb6038c/rnet-3.0.0rc22-cp314-cp314t-musllinux_1_2_armv7l.whl", hash = "sha256:791fcd18a7a711b4bd49cd6187a2f91bfeb29fa183afb6e8af444875199603a3", size = 3878790, upload-time = "2026-02-24T10:36:00.459Z" },
    { url = "https://files.pythonhosted.org/packages/a7/a8/8db4d7678e8424460b0a3b5c5354278a6ff2d1a8c3c5f0ce329009864573/rnet-3.0.0rc22-cp314-cp314t-musllinux_1_2_i686.whl", hash = "sha256:0eb9b76cf18168bbbdb599ee99fe074b770d60ff5be026264aeeb9470577e123", size = 3995630, upload-time = "2026-02-24T10:36:06.348Z" },
    { url = "https://files.pythonhosted.org/packages/bf/17/8f3c8fc6d9b6c04563aee7faf5cef569238aa4dcb1feec72b4bd76b4243a/rnet-3.0.0rc22-cp314-cp314t-musllinux_1_2_x86_64.whl", hash = "sha256:37f0cfa7eba87e18bb7f30f2c6a6346cc483bc191e48aa838c45d83891cf7070", size = 4156138, upload-time = "2026-02-24T10:36:12.808Z" },
    { url = "https://files.pythonhosted.org/packages/1c/9b/b966241fa99ecf831fe4a09ed36dbe16709b57fc1739dd7115bbc024f3e6/rnet-3.0.0rc22-cp314-cp314t-win32.whl", hash = "sha256:d2cb1b8f58099382bb3688aad873d57a5b8cdd006649b527e78e4766cd8783ce", size = 3541041, upload-time = "2026-02-24T10:36:34.768Z" },
    { url = "https://files.pythonhosted.org/packages/e8/f8/b249c23dfe44358777af8b767971e4bb5e585f636c0f611a0f246e2635ea/rnet-3.0.0rc22-cp314-cp314t-win_amd64.whl", hash = "sha256:22718b460f4a66bca9e07365075eb8460da42c74ea6837b17d58155cf13ae744", size = 3855620, upload-time = "2026-02-24T10:36:29.375Z" },
    { url = "https://files.pythonhosted.org/packages/c5/33/9ea25c5cab0c50464e5daa02664bf85fdaae8d211ca6b237d92dacbac0c2/rnet-3.0.0rc22-cp314-cp314t-win_arm64.whl", hash = "sha256:123bb918cd8c0b141f51d5f8371ca02530684bb7cfe9d5b779a5d51055b90009", size = 3532962, upload-time = "2026-02-24T10:36:20.842Z" },
]
